
Microsoft Visual Studio Solution File, Format Version 12.00
# Visual Studio Version 16
VisualStudioVersion = 16.0.30717.126
MinimumVisualStudioVersion = 10.0.40219.1
Project("{FAE04EC0-301F-11D3-BF4B-00C04F79EFBC}") = "BMSSender", "BMSSender\BMSSender.csproj", "{5B315B3F-A926-417D-A1AB-739EB432B37D}"
EndProject
Global
	GlobalSection(SolutionConfigurationPlatforms) = preSolution
		Debug|Any CPU = Debug|Any CPU
		Release|Any CPU = Release|Any CPU
	EndGlobalSection
	GlobalSection(ProjectConfigurationPlatforms) = postSolution
		{5B315B3F-A926-417D-A1AB-739EB432B37D}.Debug|Any CPU.ActiveCfg = Debug|Any CPU
		{5B315B3F-A926-417D-A1AB-739EB432B37D}.Debug|Any CPU.Build.0 = Debug|Any CPU
		{5B315B3F-A926-417D-A1AB-739EB432B37D}.Release|Any CPU.ActiveCfg = Release|Any CPU
		{5B315B3F-A926-417D-A1AB-739EB432B37D}.Release|Any CPU.Build.0 = Release|Any CPU
	EndGlobalSection
	GlobalSection(SolutionProperties) = preSolution
		HideSolutionNode = FALSE
	EndGlobalSection
	GlobalSection(ExtensibilityGlobals) = postSolution
		SolutionGuid = {3ABA361E-F292-4B8C-B9E0-9804EF143548}
	EndGlobalSection
EndGlobal
